
Microsoft Visual Studio Solution File, Format Version 12.00
# Visual Studio Version 17
VisualStudioVersion = 17.6.33712.159
MinimumVisualStudioVersion = 10.0.40219.1
Project("{FAE04EC0-301F-11D3-BF4B-00C04F79EFBC}") = "ShoppingKart", "ShoppingKart.csproj", "{68B0F640-4DB0-4E2E-8AA4-0CDB9DB2BBDB}"
EndProject
Global
	GlobalSection(SolutionConfigurationPlatforms) = preSolution
		Debug|Any CPU = Debug|Any CPU
		Release|Any CPU = Release|Any CPU
	EndGlobalSection
	GlobalSection(ProjectConfigurationPlatforms) = postSolution
		{68B0F640-4DB0-4E2E-8AA4-0CDB9DB2BBDB}.Debug|Any CPU.ActiveCfg = Debug|Any CPU
		{68B0F640-4DB0-4E2E-8AA4-0CDB9DB2BBDB}.Debug|Any CPU.Build.0 = Debug|Any CPU
		{68B0F640-4DB0-4E2E-8AA4-0CDB9DB2BBDB}.Release|Any CPU.ActiveCfg = Release|Any CPU
		{68B0F640-4DB0-4E2E-8AA4-0CDB9DB2BBDB}.Release|Any CPU.Build.0 = Release|Any CPU
	EndGlobalSection
	GlobalSection(SolutionProperties) = preSolution
		HideSolutionNode = FALSE
	EndGlobalSection
	GlobalSection(ExtensibilityGlobals) = postSolution
		SolutionGuid = {CAEA7E6C-2179-4351-98C6-06302A91E450}
	EndGlobalSection
EndGlobal
